
Microsoft Visual Studio Solution File, Format Version 12.00
# Visual Studio Version 16
VisualStudioVersion = 16.0.30503.244
MinimumVisualStudioVersion = 10.0.40219.1
Project("{FAE04EC0-301F-11D3-BF4B-00C04F79EFBC}") = "Assignment Name search", "Assignment Name search\Assignment Name search.csproj", "{78AF09D9-5846-47FE-9528-76AE81D0A7EC}"
EndProject
Global
	GlobalSection(SolutionConfigurationPlatforms) = preSolution
		Debug|Any CPU = Debug|Any CPU
		Release|Any CPU = Release|Any CPU
	EndGlobalSection
	GlobalSection(ProjectConfigurationPlatforms) = postSolution
		{78AF09D9-5846-47FE-9528-76AE81D0A7EC}.Debug|Any CPU.ActiveCfg = Debug|Any CPU
		{78AF09D9-5846-47FE-9528-76AE81D0A7EC}.Debug|Any CPU.Build.0 = Debug|Any CPU
		{78AF09D9-5846-47FE-9528-76AE81D0A7EC}.Release|Any CPU.ActiveCfg = Release|Any CPU
		{78AF09D9-5846-47FE-9528-76AE81D0A7EC}.Release|Any CPU.Build.0 = Release|Any CPU
	EndGlobalSection
	GlobalSection(SolutionProperties) = preSolution
		HideSolutionNode = FALSE
	EndGlobalSection
	GlobalSection(ExtensibilityGlobals) = postSolution
		SolutionGuid = {292E04AB-146A-4B74-B4A8-AE7C21487178}
	EndGlobalSection
EndGlobal
